// !$*UTF8*$!
{
	archiveVersion = 1;
	classes = {
	};
	objectVersion = 56;
	objects = {

/* Begin PBXBuildFile section */
		378D0E499347B9011A681112 /* Pods_Sample.framework in Frameworks */ = {isa = PBXBuildFile; fileRef = C312D4216702BCCE58E8700A /* Pods_Sample.framework */; };
		5202E0B72D84F30E008A1206 /* FlexItemsController.swift in Sources */ = {isa = PBXBuildFile; fileRef = 5202E0B62D84F30D008A1206 /* FlexItemsController.swift */; };
		520885832B99D50F001338C2 /* SceneDelegate.swift in Sources */ = {isa = PBXBuildFile; fileRef = 520885822B99D50F001338C2 /* SceneDelegate.swift */; };
		5208858D2B9A1B4F001338C2 /* LaunchScreen.storyboard in Resources */ = {isa = PBXBuildFile; fileRef = 5208858C2B9A1B4F001338C2 /* LaunchScreen.storyboard */; };
		5208859B2B9A24E8001338C2 /* TabBarController.swift in Sources */ = {isa = PBXBuildFile; fileRef = 5208859A2B9A24E8001338C2 /* TabBarController.swift */; };
		527232482BAB18C400FDFBB9 /* UIColor+Sample.swift in Sources */ = {isa = PBXBuildFile; fileRef = 527232472BAB18C400FDFBB9 /* UIColor+Sample.swift */; };
		529B85422B99CA8F00D77BA0 /* Assets.xcassets in Resources */ = {isa = PBXBuildFile; fileRef = 529B85412B99CA8F00D77BA0 /* Assets.xcassets */; };
		529B854D2B99CB1C00D77BA0 /* AppDelegate.swift in Sources */ = {isa = PBXBuildFile; fileRef = 529B854C2B99CB1C00D77BA0 /* AppDelegate.swift */; };
		529BB7752BAAC38D00E46E5D /* FlexItemsDataInteraction.swift in Sources */ = {isa = PBXBuildFile; fileRef = 529BB7742BAAC38D00E46E5D /* FlexItemsDataInteraction.swift */; };
		529BB7772BAAC3C300E46E5D /* FieldsPresenter.swift in Sources */ = {isa = PBXBuildFile; fileRef = 529BB7762BAAC3C300E46E5D /* FieldsPresenter.swift */; };
		529BB77A2BAAC40700E46E5D /* ViewsAssembly.swift in Sources */ = {isa = PBXBuildFile; fileRef = 529BB7792BAAC40700E46E5D /* ViewsAssembly.swift */; };
/* End PBXBuildFile section */

/* Begin PBXFileReference section */
		243FE104BB35F3252DCCF0D0 /* Pods-Sample.debug.xcconfig */ = {isa = PBXFileReference; includeInIndex = 1; lastKnownFileType = text.xcconfig; name = "Pods-Sample.debug.xcconfig"; path = "Target Support Files/Pods-Sample/Pods-Sample.debug.xcconfig"; sourceTree = "<group>"; };
		5202E0B62D84F30D008A1206 /* FlexItemsController.swift */ = {isa = PBXFileReference; lastKnownFileType = sourcecode.swift; path = FlexItemsController.swift; sourceTree = "<group>"; };
		520885822B99D50F001338C2 /* SceneDelegate.swift */ = {isa = PBXFileReference; lastKnownFileType = sourcecode.swift; path = SceneDelegate.swift; sourceTree = "<group>"; };
		5208858C2B9A1B4F001338C2 /* LaunchScreen.storyboard */ = {isa = PBXFileReference; fileEncoding = 4; lastKnownFileType = file.storyboard; path = LaunchScreen.storyboard; sourceTree = "<group>"; };
		5208859A2B9A24E8001338C2 /* TabBarController.swift */ = {isa = PBXFileReference; lastKnownFileType = sourcecode.swift; path = TabBarController.swift; sourceTree = "<group>"; };
		527232472BAB18C400FDFBB9 /* UIColor+Sample.swift */ = {isa = PBXFileReference; lastKnownFileType = sourcecode.swift; path = "UIColor+Sample.swift"; sourceTree = "<group>"; };
		529B853A2B99CA8D00D77BA0 /* Sample.app */ = {isa = PBXFileReference; explicitFileType = wrapper.application; includeInIndex = 0; path = Sample.app; sourceTree = BUILT_PRODUCTS_DIR; };
		529B85412B99CA8F00D77BA0 /* Assets.xcassets */ = {isa = PBXFileReference; lastKnownFileType = folder.assetcatalog; path = Assets.xcassets; sourceTree = "<group>"; };
		529B85432B99CA8F00D77BA0 /* Sample.entitlements */ = {isa = PBXFileReference; lastKnownFileType = text.plist.entitlements; path = Sample.entitlements; sourceTree = "<group>"; };
		529B854C2B99CB1C00D77BA0 /* AppDelegate.swift */ = {isa = PBXFileReference; lastKnownFileType = sourcecode.swift; path = AppDelegate.swift; sourceTree = "<group>"; };
		529B855C2B99CD0600D77BA0 /* Info.plist */ = {isa = PBXFileReference; fileEncoding = 4; lastKnownFileType = text.plist.xml; path = Info.plist; sourceTree = "<group>"; };
		529BB7742BAAC38D00E46E5D /* FlexItemsDataInteraction.swift */ = {isa = PBXFileReference; lastKnownFileType = sourcecode.swift; path = FlexItemsDataInteraction.swift; sourceTree = "<group>"; };
		529BB7762BAAC3C300E46E5D /* FieldsPresenter.swift */ = {isa = PBXFileReference; lastKnownFileType = sourcecode.swift; path = FieldsPresenter.swift; sourceTree = "<group>"; };
		529BB7792BAAC40700E46E5D /* ViewsAssembly.swift */ = {isa = PBXFileReference; lastKnownFileType = sourcecode.swift; path = ViewsAssembly.swift; sourceTree = "<group>"; };
		ACD6D132ACB1AED87BCE7FB2 /* Pods-Sample.release.xcconfig */ = {isa = PBXFileReference; includeInIndex = 1; lastKnownFileType = text.xcconfig; name = "Pods-Sample.release.xcconfig"; path = "Target Support Files/Pods-Sample/Pods-Sample.release.xcconfig"; sourceTree = "<group>"; };
		C312D4216702BCCE58E8700A /* Pods_Sample.framework */ = {isa = PBXFileReference; explicitFileType = wrapper.framework; includeInIndex = 0; path = Pods_Sample.framework; sourceTree = BUILT_PRODUCTS_DIR; };
/* End PBXFileReference section */

/* Begin PBXFrameworksBuildPhase section */
		529B85372B99CA8D00D77BA0 /* Frameworks */ = {
			isa = PBXFrameworksBuildPhase;
			buildActionMask = 2147483647;
			files = (
				378D0E499347B9011A681112 /* Pods_Sample.framework in Frameworks */,
			);
			runOnlyForDeploymentPostprocessing = 0;
		};
/* End PBXFrameworksBuildPhase section */

/* Begin PBXGroup section */
		527232462BAB18B800FDFBB9 /* Utils */ = {
			isa = PBXGroup;
			children = (
				527232472BAB18C400FDFBB9 /* UIColor+Sample.swift */,
			);
			path = Utils;
			sourceTree = "<group>";
		};
		529B85312B99CA8D00D77BA0 = {
			isa = PBXGroup;
			children = (
				529B853C2B99CA8D00D77BA0 /* Sample */,
				529B853B2B99CA8D00D77BA0 /* Products */,
				DA2BC02A4227E5721597401A /* Pods */,
				FD36C1F652CE27C3793084E7 /* Frameworks */,
			);
			sourceTree = "<group>";
		};
		529B853B2B99CA8D00D77BA0 /* Products */ = {
			isa = PBXGroup;
			children = (
				529B853A2B99CA8D00D77BA0 /* Sample.app */,
			);
			name = Products;
			sourceTree = "<group>";
		};
		529B853C2B99CA8D00D77BA0 /* Sample */ = {
			isa = PBXGroup;
			children = (
				529BB7782BAAC3C700E46E5D /* Source */,
				529B855C2B99CD0600D77BA0 /* Info.plist */,
				529B85412B99CA8F00D77BA0 /* Assets.xcassets */,
				529B85432B99CA8F00D77BA0 /* Sample.entitlements */,
				529B854C2B99CB1C00D77BA0 /* AppDelegate.swift */,
				520885822B99D50F001338C2 /* SceneDelegate.swift */,
				5208858C2B9A1B4F001338C2 /* LaunchScreen.storyboard */,
			);
			path = Sample;
			sourceTree = "<group>";
		};
		529BB7722BAAC36300E46E5D /* FlexItems */ = {
			isa = PBXGroup;
			children = (
				5202E0B62D84F30D008A1206 /* FlexItemsController.swift */,
				529BB7742BAAC38D00E46E5D /* FlexItemsDataInteraction.swift */,
				529BB7762BAAC3C300E46E5D /* FieldsPresenter.swift */,
			);
			path = FlexItems;
			sourceTree = "<group>";
		};
		529BB7782BAAC3C700E46E5D /* Source */ = {
			isa = PBXGroup;
			children = (
				527232462BAB18B800FDFBB9 /* Utils */,
				529BB7722BAAC36300E46E5D /* FlexItems */,
				5208859A2B9A24E8001338C2 /* TabBarController.swift */,
				529BB7792BAAC40700E46E5D /* ViewsAssembly.swift */,
			);
			path = Source;
			sourceTree = "<group>";
		};
		DA2BC02A4227E5721597401A /* Pods */ = {
			isa = PBXGroup;
			children = (
				243FE104BB35F3252DCCF0D0 /* Pods-Sample.debug.xcconfig */,
				ACD6D132ACB1AED87BCE7FB2 /* Pods-Sample.release.xcconfig */,
			);
			path = Pods;
			sourceTree = "<group>";
		};
		FD36C1F652CE27C3793084E7 /* Frameworks */ = {
			isa = PBXGroup;
			children = (
				C312D4216702BCCE58E8700A /* Pods_Sample.framework */,
			);
			name = Frameworks;
			sourceTree = "<group>";
		};
/* End PBXGroup section */

/* Begin PBXNativeTarget section */
		529B85392B99CA8D00D77BA0 /* Sample */ = {
			isa = PBXNativeTarget;
			buildConfigurationList = 529B85492B99CA8F00D77BA0 /* Build configuration list for PBXNativeTarget "Sample" */;
			buildPhases = (
				0B9D798244D37F4784C61988 /* [CP] Check Pods Manifest.lock */,
				529B85362B99CA8D00D77BA0 /* Sources */,
				529B85372B99CA8D00D77BA0 /* Frameworks */,
				529B85382B99CA8D00D77BA0 /* Resources */,
				538542BD7D025F075A062E13 /* [CP] Embed Pods Frameworks */,
			);
			buildRules = (
			);
			dependencies = (
			);
			name = Sample;
			productName = Sample;
			productReference = 529B853A2B99CA8D00D77BA0 /* Sample.app */;
			productType = "com.apple.product-type.application";
		};
/* End PBXNativeTarget section */

/* Begin PBXProject section */
		529B85322B99CA8D00D77BA0 /* Project object */ = {
			isa = PBXProject;
			attributes = {
				BuildIndependentTargetsInParallel = 1;
				LastSwiftUpdateCheck = 1430;
				LastUpgradeCheck = 1430;
				TargetAttributes = {
					529B85392B99CA8D00D77BA0 = {
						CreatedOnToolsVersion = 14.3.1;
						LastSwiftMigration = 1430;
					};
				};
			};
			buildConfigurationList = 529B85352B99CA8D00D77BA0 /* Build configuration list for PBXProject "Sample" */;
			compatibilityVersion = "Xcode 14.0";
			developmentRegion = en;
			hasScannedForEncodings = 0;
			knownRegions = (
				en,
				Base,
			);
			mainGroup = 529B85312B99CA8D00D77BA0;
			productRefGroup = 529B853B2B99CA8D00D77BA0 /* Products */;
			projectDirPath = "";
			projectRoot = "";
			targets = (
				529B85392B99CA8D00D77BA0 /* Sample */,
			);
		};
/* End PBXProject section */

/* Begin PBXResourcesBuildPhase section */
		529B85382B99CA8D00D77BA0 /* Resources */ = {
			isa = PBXResourcesBuildPhase;
			buildActionMask = 2147483647;
			files = (
				529B85422B99CA8F00D77BA0 /* Assets.xcassets in Resources */,
				5208858D2B9A1B4F001338C2 /* LaunchScreen.storyboard in Resources */,
			);
			runOnlyForDeploymentPostprocessing = 0;
		};
/* End PBXResourcesBuildPhase section */

/* Begin PBXShellScriptBuildPhase section */
		0B9D798244D37F4784C61988 /* [CP] Check Pods Manifest.lock */ = {
			isa = PBXShellScriptBuildPhase;
			buildActionMask = 2147483647;
			files = (
			);
			inputFileListPaths = (
			);
			inputPaths = (
				"${PODS_PODFILE_DIR_PATH}/Podfile.lock",
				"${PODS_ROOT}/Manifest.lock",
			);
			name = "[CP] Check Pods Manifest.lock";
			outputFileListPaths = (
			);
			outputPaths = (
				"$(DERIVED_FILE_DIR)/Pods-Sample-checkManifestLockResult.txt",
			);
			runOnlyForDeploymentPostprocessing = 0;
			shellPath = /bin/sh;
			shellScript = "diff \"${PODS_PODFILE_DIR_PATH}/Podfile.lock\" \"${PODS_ROOT}/Manifest.lock\" > /dev/null\nif [ $? != 0 ] ; then\n    # print error to STDERR\n    echo \"error: The sandbox is not in sync with the Podfile.lock. Run 'pod install' or update your CocoaPods installation.\" >&2\n    exit 1\nfi\n# This output is used by Xcode 'outputs' to avoid re-running this script phase.\necho \"SUCCESS\" > \"${SCRIPT_OUTPUT_FILE_0}\"\n";
			showEnvVarsInLog = 0;
		};
		538542BD7D025F075A062E13 /* [CP] Embed Pods Frameworks */ = {
			isa = PBXShellScriptBuildPhase;
			buildActionMask = 2147483647;
			files = (
			);
			inputFileListPaths = (
				"${PODS_ROOT}/Target Support Files/Pods-Sample/Pods-Sample-frameworks-${CONFIGURATION}-input-files.xcfilelist",
			);
			name = "[CP] Embed Pods Frameworks";
			outputFileListPaths = (
				"${PODS_ROOT}/Target Support Files/Pods-Sample/Pods-Sample-frameworks-${CONFIGURATION}-output-files.xcfilelist",
			);
			runOnlyForDeploymentPostprocessing = 0;
			shellPath = /bin/sh;
			shellScript = "\"${PODS_ROOT}/Target Support Files/Pods-Sample/Pods-Sample-frameworks.sh\"\n";
			showEnvVarsInLog = 0;
		};
/* End PBXShellScriptBuildPhase section */

/* Begin PBXSourcesBuildPhase section */
		529B85362B99CA8D00D77BA0 /* Sources */ = {
			isa = PBXSourcesBuildPhase;
			buildActionMask = 2147483647;
			files = (
				527232482BAB18C400FDFBB9 /* UIColor+Sample.swift in Sources */,
				5202E0B72D84F30E008A1206 /* FlexItemsController.swift in Sources */,
				5208859B2B9A24E8001338C2 /* TabBarController.swift in Sources */,
				529BB77A2BAAC40700E46E5D /* ViewsAssembly.swift in Sources */,
				529B854D2B99CB1C00D77BA0 /* AppDelegate.swift in Sources */,
				529BB7752BAAC38D00E46E5D /* FlexItemsDataInteraction.swift in Sources */,
				529BB7772BAAC3C300E46E5D /* FieldsPresenter.swift in Sources */,
				520885832B99D50F001338C2 /* SceneDelegate.swift in Sources */,
			);
			runOnlyForDeploymentPostprocessing = 0;
		};
/* End PBXSourcesBuildPhase section */

/* Begin XCBuildConfiguration section */
		529B85472B99CA8F00D77BA0 /* Debug */ = {
			isa = XCBuildConfiguration;
			buildSettings = {
				ALWAYS_SEARCH_USER_PATHS = NO;
				CLANG_ANALYZER_NONNULL = YES;
				CLANG_ANALYZER_NUMBER_OBJECT_CONVERSION = YES_AGGRESSIVE;
				CLANG_CXX_LANGUAGE_STANDARD = "gnu++20";
				CLANG_ENABLE_MODULES = YES;
				CLANG_ENABLE_OBJC_ARC = YES;
				CLANG_ENABLE_OBJC_WEAK = YES;
				CLANG_WARN_BLOCK_CAPTURE_AUTORELEASING = YES;
				CLANG_WARN_BOOL_CONVERSION = YES;
				CLANG_WARN_COMMA = YES;
				CLANG_WARN_CONSTANT_CONVERSION = YES;
				CLANG_WARN_DEPRECATED_OBJC_IMPLEMENTATIONS = YES;
				CLANG_WARN_DIRECT_OBJC_ISA_USAGE = YES_ERROR;
				CLANG_WARN_DOCUMENTATION_COMMENTS = YES;
				CLANG_WARN_EMPTY_BODY = YES;
				CLANG_WARN_ENUM_CONVERSION = YES;
				CLANG_WARN_INFINITE_RECURSION = YES;
				CLANG_WARN_INT_CONVERSION = YES;
				CLANG_WARN_NON_LITERAL_NULL_CONVERSION = YES;
				CLANG_WARN_OBJC_IMPLICIT_RETAIN_SELF = YES;
				CLANG_WARN_OBJC_LITERAL_CONVERSION = YES;
				CLANG_WARN_OBJC_ROOT_CLASS = YES_ERROR;
				CLANG_WARN_QUOTED_INCLUDE_IN_FRAMEWORK_HEADER = YES;
				CLANG_WARN_RANGE_LOOP_ANALYSIS = YES;
				CLANG_WARN_STRICT_PROTOTYPES = YES;
				CLANG_WARN_SUSPICIOUS_MOVE = YES;
				CLANG_WARN_UNGUARDED_AVAILABILITY = YES_AGGRESSIVE;
				CLANG_WARN_UNREACHABLE_CODE = YES;
				CLANG_WARN__DUPLICATE_METHOD_MATCH = YES;
				COPY_PHASE_STRIP = NO;
				DEBUG_INFORMATION_FORMAT = dwarf;
				ENABLE_STRICT_OBJC_MSGSEND = YES;
				ENABLE_TESTABILITY = YES;
				GCC_C_LANGUAGE_STANDARD = gnu11;
				GCC_DYNAMIC_NO_PIC = NO;
				GCC_NO_COMMON_BLOCKS = YES;
				GCC_OPTIMIZATION_LEVEL = 0;
				GCC_PREPROCESSOR_DEFINITIONS = (
					"DEBUG=1",
					"$(inherited)",
				);
				GCC_WARN_64_TO_32_BIT_CONVERSION = YES;
				GCC_WARN_ABOUT_RETURN_TYPE = YES_ERROR;
				GCC_WARN_UNDECLARED_SELECTOR = YES;
				GCC_WARN_UNINITIALIZED_AUTOS = YES_AGGRESSIVE;
				GCC_WARN_UNUSED_FUNCTION = YES;
				GCC_WARN_UNUSED_VARIABLE = YES;
				MTL_ENABLE_DEBUG_INFO = INCLUDE_SOURCE;
				MTL_FAST_MATH = YES;
				ONLY_ACTIVE_ARCH = YES;
				SWIFT_ACTIVE_COMPILATION_CONDITIONS = DEBUG;
				SWIFT_OPTIMIZATION_LEVEL = "-Onone";
			};
			name = Debug;
		};
		529B85482B99CA8F00D77BA0 /* Release */ = {
			isa = XCBuildConfiguration;
			buildSettings = {
				ALWAYS_SEARCH_USER_PATHS = NO;
				CLANG_ANALYZER_NONNULL = YES;
				CLANG_ANALYZER_NUMBER_OBJECT_CONVERSION = YES_AGGRESSIVE;
				CLANG_CXX_LANGUAGE_STANDARD = "gnu++20";
				CLANG_ENABLE_MODULES = YES;
				CLANG_ENABLE_OBJC_ARC = YES;
				CLANG_ENABLE_OBJC_WEAK = YES;
				CLANG_WARN_BLOCK_CAPTURE_AUTORELEASING = YES;
				CLANG_WARN_BOOL_CONVERSION = YES;
				CLANG_WARN_COMMA = YES;
				CLANG_WARN_CONSTANT_CONVERSION = YES;
				CLANG_WARN_DEPRECATED_OBJC_IMPLEMENTATIONS = YES;
				CLANG_WARN_DIRECT_OBJC_ISA_USAGE = YES_ERROR;
				CLANG_WARN_DOCUMENTATION_COMMENTS = YES;
				CLANG_WARN_EMPTY_BODY = YES;
				CLANG_WARN_ENUM_CONVERSION = YES;
				CLANG_WARN_INFINITE_RECURSION = YES;
				CLANG_WARN_INT_CONVERSION = YES;
				CLANG_WARN_NON_LITERAL_NULL_CONVERSION = YES;
				CLANG_WARN_OBJC_IMPLICIT_RETAIN_SELF = YES;
				CLANG_WARN_OBJC_LITERAL_CONVERSION = YES;
				CLANG_WARN_OBJC_ROOT_CLASS = YES_ERROR;
				CLANG_WARN_QUOTED_INCLUDE_IN_FRAMEWORK_HEADER = YES;
				CLANG_WARN_RANGE_LOOP_ANALYSIS = YES;
				CLANG_WARN_STRICT_PROTOTYPES = YES;
				CLANG_WARN_SUSPICIOUS_MOVE = YES;
				CLANG_WARN_UNGUARDED_AVAILABILITY = YES_AGGRESSIVE;
				CLANG_WARN_UNREACHABLE_CODE = YES;
				CLANG_WARN__DUPLICATE_METHOD_MATCH = YES;
				COPY_PHASE_STRIP = NO;
				DEBUG_INFORMATION_FORMAT = "dwarf-with-dsym";
				ENABLE_NS_ASSERTIONS = NO;
				ENABLE_STRICT_OBJC_MSGSEND = YES;
				GCC_C_LANGUAGE_STANDARD = gnu11;
				GCC_NO_COMMON_BLOCKS = YES;
				GCC_WARN_64_TO_32_BIT_CONVERSION = YES;
				GCC_WARN_ABOUT_RETURN_TYPE = YES_ERROR;
				GCC_WARN_UNDECLARED_SELECTOR = YES;
				GCC_WARN_UNINITIALIZED_AUTOS = YES_AGGRESSIVE;
				GCC_WARN_UNUSED_FUNCTION = YES;
				GCC_WARN_UNUSED_VARIABLE = YES;
				MTL_ENABLE_DEBUG_INFO = NO;
				MTL_FAST_MATH = YES;
				SWIFT_COMPILATION_MODE = wholemodule;
				SWIFT_OPTIMIZATION_LEVEL = "-O";
			};
			name = Release;
		};
		529B854A2B99CA8F00D77BA0 /* Debug */ = {
			isa = XCBuildConfiguration;
			baseConfigurationReference = 243FE104BB35F3252DCCF0D0 /* Pods-Sample.debug.xcconfig */;
			buildSettings = {
				ASSETCATALOG_COMPILER_APPICON_NAME = AppIcon;
				ASSETCATALOG_COMPILER_GLOBAL_ACCENT_COLOR_NAME = AccentColor;
				CLANG_ENABLE_MODULES = YES;
				CODE_SIGN_ENTITLEMENTS = Sample/Sample.entitlements;
				CODE_SIGN_STYLE = Automatic;
				CURRENT_PROJECT_VERSION = 1;
				DEVELOPMENT_TEAM = JGSX8P77CL;
				ENABLE_HARDENED_RUNTIME = YES;
				ENABLE_PREVIEWS = YES;
				GENERATE_INFOPLIST_FILE = NO;
				"INFOPLIST_FILE[sdk=*]" = Sample/Info.plist;
				"INFOPLIST_KEY_UIApplicationSceneManifest_Generation[sdk=iphoneos*]" = YES;
				"INFOPLIST_KEY_UIApplicationSceneManifest_Generation[sdk=iphonesimulator*]" = YES;
				"INFOPLIST_KEY_UIApplicationSupportsIndirectInputEvents[sdk=iphoneos*]" = YES;
				"INFOPLIST_KEY_UIApplicationSupportsIndirectInputEvents[sdk=iphonesimulator*]" = YES;
				"INFOPLIST_KEY_UILaunchScreen_Generation[sdk=iphoneos*]" = YES;
				"INFOPLIST_KEY_UILaunchScreen_Generation[sdk=iphonesimulator*]" = YES;
				"INFOPLIST_KEY_UIStatusBarStyle[sdk=iphoneos*]" = UIStatusBarStyleDefault;
				"INFOPLIST_KEY_UIStatusBarStyle[sdk=iphonesimulator*]" = UIStatusBarStyleDefault;
				INFOPLIST_KEY_UISupportedInterfaceOrientations_iPad = "UIInterfaceOrientationPortrait UIInterfaceOrientationPortraitUpsideDown UIInterfaceOrientationLandscapeLeft UIInterfaceOrientationLandscapeRight";
				INFOPLIST_KEY_UISupportedInterfaceOrientations_iPhone = "UIInterfaceOrientationPortrait UIInterfaceOrientationLandscapeLeft UIInterfaceOrientationLandscapeRight";
				IPHONEOS_DEPLOYMENT_TARGET = 16.4;
				LD_RUNPATH_SEARCH_PATHS = "@executable_path/Frameworks";
				"LD_RUNPATH_SEARCH_PATHS[sdk=macosx*]" = "@executable_path/../Frameworks";
				MACOSX_DEPLOYMENT_TARGET = 13.3;
				MARKETING_VERSION = 1.0;
				PRODUCT_BUNDLE_IDENTIFIER = com.postoev.DiffableDataSourceSample;
				PRODUCT_NAME = "$(TARGET_NAME)";
				SDKROOT = auto;
				SUPPORTED_PLATFORMS = "iphonesimulator iphoneos";
				SWIFT_EMIT_LOC_STRINGS = YES;
				SWIFT_OPTIMIZATION_LEVEL = "-Onone";
				SWIFT_VERSION = 5.0;
				TARGETED_DEVICE_FAMILY = "1,2";
			};
			name = Debug;
		};
		529B854B2B99CA8F00D77BA0 /* Release */ = {
			isa = XCBuildConfiguration;
			baseConfigurationReference = ACD6D132ACB1AED87BCE7FB2 /* Pods-Sample.release.xcconfig */;
			buildSettings = {
				ASSETCATALOG_COMPILER_APPICON_NAME = AppIcon;
				ASSETCATALOG_COMPILER_GLOBAL_ACCENT_COLOR_NAME = AccentColor;
				CLANG_ENABLE_MODULES = YES;
				CODE_SIGN_ENTITLEMENTS = Sample/Sample.entitlements;
				CODE_SIGN_STYLE = Automatic;
				CURRENT_PROJECT_VERSION = 1;
				DEVELOPMENT_TEAM = JGSX8P77CL;
				ENABLE_HARDENED_RUNTIME = YES;
				ENABLE_PREVIEWS = YES;
				GENERATE_INFOPLIST_FILE = NO;
				INFOPLIST_FILE = Sample/Info.plist;
				"INFOPLIST_KEY_UIApplicationSceneManifest_Generation[sdk=iphoneos*]" = YES;
				"INFOPLIST_KEY_UIApplicationSceneManifest_Generation[sdk=iphonesimulator*]" = YES;
				"INFOPLIST_KEY_UIApplicationSupportsIndirectInputEvents[sdk=iphoneos*]" = YES;
				"INFOPLIST_KEY_UIApplicationSupportsIndirectInputEvents[sdk=iphonesimulator*]" = YES;
				"INFOPLIST_KEY_UILaunchScreen_Generation[sdk=iphoneos*]" = YES;
				"INFOPLIST_KEY_UILaunchScreen_Generation[sdk=iphonesimulator*]" = YES;
				"INFOPLIST_KEY_UIStatusBarStyle[sdk=iphoneos*]" = UIStatusBarStyleDefault;
				"INFOPLIST_KEY_UIStatusBarStyle[sdk=iphonesimulator*]" = UIStatusBarStyleDefault;
				INFOPLIST_KEY_UISupportedInterfaceOrientations_iPad = "UIInterfaceOrientationPortrait UIInterfaceOrientationPortraitUpsideDown UIInterfaceOrientationLandscapeLeft UIInterfaceOrientationLandscapeRight";
				INFOPLIST_KEY_UISupportedInterfaceOrientations_iPhone = "UIInterfaceOrientationPortrait UIInterfaceOrientationLandscapeLeft UIInterfaceOrientationLandscapeRight";
				IPHONEOS_DEPLOYMENT_TARGET = 16.4;
				LD_RUNPATH_SEARCH_PATHS = "@executable_path/Frameworks";
				"LD_RUNPATH_SEARCH_PATHS[sdk=macosx*]" = "@executable_path/../Frameworks";
				MACOSX_DEPLOYMENT_TARGET = 13.3;
				MARKETING_VERSION = 1.0;
				PRODUCT_BUNDLE_IDENTIFIER = com.postoev.DiffableDataSourceSample;
				PRODUCT_NAME = "$(TARGET_NAME)";
				SDKROOT = auto;
				SUPPORTED_PLATFORMS = "iphonesimulator iphoneos";
				SWIFT_EMIT_LOC_STRINGS = YES;
				SWIFT_VERSION = 5.0;
				TARGETED_DEVICE_FAMILY = "1,2";
			};
			name = Release;
		};
/* End XCBuildConfiguration section */

/* Begin XCConfigurationList section */
		529B85352B99CA8D00D77BA0 /* Build configuration list for PBXProject "Sample" */ = {
			isa = XCConfigurationList;
			buildConfigurations = (
				529B85472B99CA8F00D77BA0 /* Debug */,
				529B85482B99CA8F00D77BA0 /* Release */,
			);
			defaultConfigurationIsVisible = 0;
			defaultConfigurationName = Release;
		};
		529B85492B99CA8F00D77BA0 /* Build configuration list for PBXNativeTarget "Sample" */ = {
			isa = XCConfigurationList;
			buildConfigurations = (
				529B854A2B99CA8F00D77BA0 /* Debug */,
				529B854B2B99CA8F00D77BA0 /* Release */,
			);
			defaultConfigurationIsVisible = 0;
			defaultConfigurationName = Release;
		};
/* End XCConfigurationList section */
	};
	rootObject = 529B85322B99CA8D00D77BA0 /* Project object */;
}
